// !$*UTF8*$!
{
	archiveVersion = 1;
	classes = {
	};
	objectVersion = 55;
	objects = {

/* Begin PBXBuildFile section */
		5DE1B9192CAB5C7A0057809D /* AppDelegate.swift in Sources */ = {isa = PBXBuildFile; fileRef = 5DE1B9182CAB5C7A0057809D /* AppDelegate.swift */; };
		5DE1B91B2CAB5C7A0057809D /* SceneDelegate.swift in Sources */ = {isa = PBXBuildFile; fileRef = 5DE1B91A2CAB5C7A0057809D /* SceneDelegate.swift */; };
		5DE1B91D2CAB5C7A0057809D /* ViewController.swift in Sources */ = {isa = PBXBuildFile; fileRef = 5DE1B91C2CAB5C7A0057809D /* ViewController.swift */; };
		5DE1B9202CAB5C7A0057809D /* Main.storyboard in Resources */ = {isa = PBXBuildFile; fileRef = 5DE1B91E2CAB5C7A0057809D /* Main.storyboard */; };
		5DE1B9232CAB5C7A0057809D /* SierraColeccionDeJuegos.xcdatamodeld in Sources */ = {isa = PBXBuildFile; fileRef = 5DE1B9212CAB5C7A0057809D /* SierraColeccionDeJuegos.xcdatamodeld */; };
		5DE1B9252CAB5C7B0057809D /* Assets.xcassets in Resources */ = {isa = PBXBuildFile; fileRef = 5DE1B9242CAB5C7B0057809D /* Assets.xcassets */; };
		5DE1B9282CAB5C7B0057809D /* LaunchScreen.storyboard in Resources */ = {isa = PBXBuildFile; fileRef = 5DE1B9262CAB5C7B0057809D /* LaunchScreen.storyboard */; };
		5DE1B9302CAB69320057809D /* JuegosViewController.swift in Sources */ = {isa = PBXBuildFile; fileRef = 5DE1B92F2CAB69320057809D /* JuegosViewController.swift */; };
/* End PBXBuildFile section */

/* Begin PBXFileReference section */
		5DE1B9152CAB5C7A0057809D /* SierraColeccionDeJuegos.app */ = {isa = PBXFileReference; explicitFileType = wrapper.application; includeInIndex = 0; path = SierraColeccionDeJuegos.app; sourceTree = BUILT_PRODUCTS_DIR; };
		5DE1B9182CAB5C7A0057809D /* AppDelegate.swift */ = {isa = PBXFileReference; lastKnownFileType = sourcecode.swift; path = AppDelegate.swift; sourceTree = "<group>"; };
		5DE1B91A2CAB5C7A0057809D /* SceneDelegate.swift */ = {isa = PBXFileReference; lastKnownFileType = sourcecode.swift; path = SceneDelegate.swift; sourceTree = "<group>"; };
		5DE1B91C2CAB5C7A0057809D /* ViewController.swift */ = {isa = PBXFileReference; lastKnownFileType = sourcecode.swift; path = ViewController.swift; sourceTree = "<group>"; };
		5DE1B91F2CAB5C7A0057809D /* Base */ = {isa = PBXFileReference; lastKnownFileType = file.storyboard; name = Base; path = Base.lproj/Main.storyboard; sourceTree = "<group>"; };
		5DE1B9222CAB5C7A0057809D /* SierraColeccionDeJuegos.xcdatamodel */ = {isa = PBXFileReference; lastKnownFileType = wrapper.xcdatamodel; path = SierraColeccionDeJuegos.xcdatamodel; sourceTree = "<group>"; };
		5DE1B9242CAB5C7B0057809D /* Assets.xcassets */ = {isa = PBXFileReference; lastKnownFileType = folder.assetcatalog; path = Assets.xcassets; sourceTree = "<group>"; };
		5DE1B9272CAB5C7B0057809D /* Base */ = {isa = PBXFileReference; lastKnownFileType = file.storyboard; name = Base; path = Base.lproj/LaunchScreen.storyboard; sourceTree = "<group>"; };
		5DE1B9292CAB5C7B0057809D /* Info.plist */ = {isa = PBXFileReference; lastKnownFileType = text.plist.xml; path = Info.plist; sourceTree = "<group>"; };
		5DE1B92F2CAB69320057809D /* JuegosViewController.swift */ = {isa = PBXFileReference; lastKnownFileType = sourcecode.swift; path = JuegosViewController.swift; sourceTree = "<group>"; };
/* End PBXFileReference section */

/* Begin PBXFrameworksBuildPhase section */
		5DE1B9122CAB5C7A0057809D /* Frameworks */ = {
			isa = PBXFrameworksBuildPhase;
			buildActionMask = 2147483647;
			files = (
			);
			runOnlyForDeploymentPostprocessing = 0;
		};
/* End PBXFrameworksBuildPhase section */

/* Begin PBXGroup section */
		5DE1B90C2CAB5C7A0057809D = {
			isa = PBXGroup;
			children = (
				5DE1B9172CAB5C7A0057809D /* SierraColeccionDeJuegos */,
				5DE1B9162CAB5C7A0057809D /* Products */,
			);
			sourceTree = "<group>";
		};
		5DE1B9162CAB5C7A0057809D /* Products */ = {
			isa = PBXGroup;
			children = (
				5DE1B9152CAB5C7A0057809D /* SierraColeccionDeJuegos.app */,
			);
			name = Products;
			sourceTree = "<group>";
		};
		5DE1B9172CAB5C7A0057809D /* SierraColeccionDeJuegos */ = {
			isa = PBXGroup;
			children = (
				5DE1B9182CAB5C7A0057809D /* AppDelegate.swift */,
				5DE1B91A2CAB5C7A0057809D /* SceneDelegate.swift */,
				5DE1B91C2CAB5C7A0057809D /* ViewController.swift */,
				5DE1B91E2CAB5C7A0057809D /* Main.storyboard */,
				5DE1B9242CAB5C7B0057809D /* Assets.xcassets */,
				5DE1B9262CAB5C7B0057809D /* LaunchScreen.storyboard */,
				5DE1B9292CAB5C7B0057809D /* Info.plist */,
				5DE1B9212CAB5C7A0057809D /* SierraColeccionDeJuegos.xcdatamodeld */,
				5DE1B92F2CAB69320057809D /* JuegosViewController.swift */,
			);
			path = SierraColeccionDeJuegos;
			sourceTree = "<group>";
		};
/* End PBXGroup section */

/* Begin PBXNativeTarget section */
		5DE1B9142CAB5C7A0057809D /* SierraColeccionDeJuegos */ = {
			isa = PBXNativeTarget;
			buildConfigurationList = 5DE1B92C2CAB5C7B0057809D /* Build configuration list for PBXNativeTarget "SierraColeccionDeJuegos" */;
			buildPhases = (
				5DE1B9112CAB5C7A0057809D /* Sources */,
				5DE1B9122CAB5C7A0057809D /* Frameworks */,
				5DE1B9132CAB5C7A0057809D /* Resources */,
			);
			buildRules = (
			);
			dependencies = (
			);
			name = SierraColeccionDeJuegos;
			productName = SierraColeccionDeJuegos;
			productReference = 5DE1B9152CAB5C7A0057809D /* SierraColeccionDeJuegos.app */;
			productType = "com.apple.product-type.application";
		};
/* End PBXNativeTarget section */

/* Begin PBXProject section */
		5DE1B90D2CAB5C7A0057809D /* Project object */ = {
			isa = PBXProject;
			attributes = {
				BuildIndependentTargetsInParallel = 1;
				LastSwiftUpdateCheck = 1340;
				LastUpgradeCheck = 1340;
				TargetAttributes = {
					5DE1B9142CAB5C7A0057809D = {
						CreatedOnToolsVersion = 13.4.1;
					};
				};
			};
			buildConfigurationList = 5DE1B9102CAB5C7A0057809D /* Build configuration list for PBXProject "SierraColeccionDeJuegos" */;
			compatibilityVersion = "Xcode 13.0";
			developmentRegion = en;
			hasScannedForEncodings = 0;
			knownRegions = (
				en,
				Base,
			);
			mainGroup = 5DE1B90C2CAB5C7A0057809D;
			productRefGroup = 5DE1B9162CAB5C7A0057809D /* Products */;
			projectDirPath = "";
			projectRoot = "";
			targets = (
				5DE1B9142CAB5C7A0057809D /* SierraColeccionDeJuegos */,
			);
		};
/* End PBXProject section */

/* Begin PBXResourcesBuildPhase section */
		5DE1B9132CAB5C7A0057809D /* Resources */ = {
			isa = PBXResourcesBuildPhase;
			buildActionMask = 2147483647;
			files = (
				5DE1B9282CAB5C7B0057809D /* LaunchScreen.storyboard in Resources */,
				5DE1B9252CAB5C7B0057809D /* Assets.xcassets in Resources */,
				5DE1B9202CAB5C7A0057809D /* Main.storyboard in Resources */,
			);
			runOnlyForDeploymentPostprocessing = 0;
		};
/* End PBXResourcesBuildPhase section */

/* Begin PBXSourcesBuildPhase section */
		5DE1B9112CAB5C7A0057809D /* Sources */ = {
			isa = PBXSourcesBuildPhase;
			buildActionMask = 2147483647;
			files = (
				5DE1B9302CAB69320057809D /* JuegosViewController.swift in Sources */,
				5DE1B91D2CAB5C7A0057809D /* ViewController.swift in Sources */,
				5DE1B9192CAB5C7A0057809D /* AppDelegate.swift in Sources */,
				5DE1B91B2CAB5C7A0057809D /* SceneDelegate.swift in Sources */,
				5DE1B9232CAB5C7A0057809D /* SierraColeccionDeJuegos.xcdatamodeld in Sources */,
			);
			runOnlyForDeploymentPostprocessing = 0;
		};
/* End PBXSourcesBuildPhase section */

/* Begin PBXVariantGroup section */
		5DE1B91E2CAB5C7A0057809D /* Main.storyboard */ = {
			isa = PBXVariantGroup;
			children = (
				5DE1B91F2CAB5C7A0057809D /* Base */,
			);
			name = Main.storyboard;
			sourceTree = "<group>";
		};
		5DE1B9262CAB5C7B0057809D /* LaunchScreen.storyboard */ = {
			isa = PBXVariantGroup;
			children = (
				5DE1B9272CAB5C7B0057809D /* Base */,
			);
			name = LaunchScreen.storyboard;
			sourceTree = "<group>";
		};
/* End PBXVariantGroup section */

/* Begin XCBuildConfiguration section */
		5DE1B92A2CAB5C7B0057809D /* Debug */ = {
			isa = XCBuildConfiguration;
			buildSettings = {
				ALWAYS_SEARCH_USER_PATHS = NO;
				CLANG_ANALYZER_NONNULL = YES;
				CLANG_ANALYZER_NUMBER_OBJECT_CONVERSION = YES_AGGRESSIVE;
				CLANG_CXX_LANGUAGE_STANDARD = "gnu++17";
				CLANG_ENABLE_MODULES = YES;
				CLANG_ENABLE_OBJC_ARC = YES;
				CLANG_ENABLE_OBJC_WEAK = YES;
				CLANG_WARN_BLOCK_CAPTURE_AUTORELEASING = YES;
				CLANG_WARN_BOOL_CONVERSION = YES;
				CLANG_WARN_COMMA = YES;
				CLANG_WARN_CONSTANT_CONVERSION = YES;
				CLANG_WARN_DEPRECATED_OBJC_IMPLEMENTATIONS = YES;
				CLANG_WARN_DIRECT_OBJC_ISA_USAGE = YES_ERROR;
				CLANG_WARN_DOCUMENTATION_COMMENTS = YES;
				CLANG_WARN_EMPTY_BODY = YES;
				CLANG_WARN_ENUM_CONVERSION = YES;
				CLANG_WARN_INFINITE_RECURSION = YES;
				CLANG_WARN_INT_CONVERSION = YES;
				CLANG_WARN_NON_LITERAL_NULL_CONVERSION = YES;
				CLANG_WARN_OBJC_IMPLICIT_RETAIN_SELF = YES;
				CLANG_WARN_OBJC_LITERAL_CONVERSION = YES;
				CLANG_WARN_OBJC_ROOT_CLASS = YES_ERROR;
				CLANG_WARN_QUOTED_INCLUDE_IN_FRAMEWORK_HEADER = YES;
				CLANG_WARN_RANGE_LOOP_ANALYSIS = YES;
				CLANG_WARN_STRICT_PROTOTYPES = YES;
				CLANG_WARN_SUSPICIOUS_MOVE = YES;
				CLANG_WARN_UNGUARDED_AVAILABILITY = YES_AGGRESSIVE;
				CLANG_WARN_UNREACHABLE_CODE = YES;
				CLANG_WARN__DUPLICATE_METHOD_MATCH = YES;
				COPY_PHASE_STRIP = NO;
				DEBUG_INFORMATION_FORMAT = dwarf;
				ENABLE_STRICT_OBJC_MSGSEND = YES;
				ENABLE_TESTABILITY = YES;
				GCC_C_LANGUAGE_STANDARD = gnu11;
				GCC_DYNAMIC_NO_PIC = NO;
				GCC_NO_COMMON_BLOCKS = YES;
				GCC_OPTIMIZATION_LEVEL = 0;
				GCC_PREPROCESSOR_DEFINITIONS = (
					"DEBUG=1",
					"$(inherited)",
				);
				GCC_WARN_64_TO_32_BIT_CONVERSION = YES;
				GCC_WARN_ABOUT_RETURN_TYPE = YES_ERROR;
				GCC_WARN_UNDECLARED_SELECTOR = YES;
				GCC_WARN_UNINITIALIZED_AUTOS = YES_AGGRESSIVE;
				GCC_WARN_UNUSED_FUNCTION = YES;
				GCC_WARN_UNUSED_VARIABLE = YES;
				IPHONEOS_DEPLOYMENT_TARGET = 15.5;
				MTL_ENABLE_DEBUG_INFO = INCLUDE_SOURCE;
				MTL_FAST_MATH = YES;
				ONLY_ACTIVE_ARCH = YES;
				SDKROOT = iphoneos;
				SWIFT_ACTIVE_COMPILATION_CONDITIONS = DEBUG;
				SWIFT_OPTIMIZATION_LEVEL = "-Onone";
			};
			name = Debug;
		};
		5DE1B92B2CAB5C7B0057809D /* Release */ = {
			isa = XCBuildConfiguration;
			buildSettings = {
				ALWAYS_SEARCH_USER_PATHS = NO;
				CLANG_ANALYZER_NONNULL = YES;
				CLANG_ANALYZER_NUMBER_OBJECT_CONVERSION = YES_AGGRESSIVE;
				CLANG_CXX_LANGUAGE_STANDARD = "gnu++17";
				CLANG_ENABLE_MODULES = YES;
				CLANG_ENABLE_OBJC_ARC = YES;
				CLANG_ENABLE_OBJC_WEAK = YES;
				CLANG_WARN_BLOCK_CAPTURE_AUTORELEASING = YES;
				CLANG_WARN_BOOL_CONVERSION = YES;
				CLANG_WARN_COMMA = YES;
				CLANG_WARN_CONSTANT_CONVERSION = YES;
				CLANG_WARN_DEPRECATED_OBJC_IMPLEMENTATIONS = YES;
				CLANG_WARN_DIRECT_OBJC_ISA_USAGE = YES_ERROR;
				CLANG_WARN_DOCUMENTATION_COMMENTS = YES;
				CLANG_WARN_EMPTY_BODY = YES;
				CLANG_WARN_ENUM_CONVERSION = YES;
				CLANG_WARN_INFINITE_RECURSION = YES;
				CLANG_WARN_INT_CONVERSION = YES;
				CLANG_WARN_NON_LITERAL_NULL_CONVERSION = YES;
				CLANG_WARN_OBJC_IMPLICIT_RETAIN_SELF = YES;
				CLANG_WARN_OBJC_LITERAL_CONVERSION = YES;
				CLANG_WARN_OBJC_ROOT_CLASS = YES_ERROR;
				CLANG_WARN_QUOTED_INCLUDE_IN_FRAMEWORK_HEADER = YES;
				CLANG_WARN_RANGE_LOOP_ANALYSIS = YES;
				CLANG_WARN_STRICT_PROTOTYPES = YES;
				CLANG_WARN_SUSPICIOUS_MOVE = YES;
				CLANG_WARN_UNGUARDED_AVAILABILITY = YES_AGGRESSIVE;
				CLANG_WARN_UNREACHABLE_CODE = YES;
				CLANG_WARN__DUPLICATE_METHOD_MATCH = YES;
				COPY_PHASE_STRIP = NO;
				DEBUG_INFORMATION_FORMAT = "dwarf-with-dsym";
				ENABLE_NS_ASSERTIONS = NO;
				ENABLE_STRICT_OBJC_MSGSEND = YES;
				GCC_C_LANGUAGE_STANDARD = gnu11;
				GCC_NO_COMMON_BLOCKS = YES;
				GCC_WARN_64_TO_32_BIT_CONVERSION = YES;
				GCC_WARN_ABOUT_RETURN_TYPE = YES_ERROR;
				GCC_WARN_UNDECLARED_SELECTOR = YES;
				GCC_WARN_UNINITIALIZED_AUTOS = YES_AGGRESSIVE;
				GCC_WARN_UNUSED_FUNCTION = YES;
				GCC_WARN_UNUSED_VARIABLE = YES;
				IPHONEOS_DEPLOYMENT_TARGET = 15.5;
				MTL_ENABLE_DEBUG_INFO = NO;
				MTL_FAST_MATH = YES;
				SDKROOT = iphoneos;
				SWIFT_COMPILATION_MODE = wholemodule;
				SWIFT_OPTIMIZATION_LEVEL = "-O";
				VALIDATE_PRODUCT = YES;
			};
			name = Release;
		};
		5DE1B92D2CAB5C7B0057809D /* Debug */ = {
			isa = XCBuildConfiguration;
			buildSettings = {
				ASSETCATALOG_COMPILER_APPICON_NAME = AppIcon;
				ASSETCATALOG_COMPILER_GLOBAL_ACCENT_COLOR_NAME = AccentColor;
				CODE_SIGN_STYLE = Automatic;
				CURRENT_PROJECT_VERSION = 1;
				GENERATE_INFOPLIST_FILE = YES;
				INFOPLIST_FILE = SierraColeccionDeJuegos/Info.plist;
				INFOPLIST_KEY_UIApplicationSupportsIndirectInputEvents = YES;
				INFOPLIST_KEY_UILaunchStoryboardName = LaunchScreen;
				INFOPLIST_KEY_UIMainStoryboardFile = Main;
				INFOPLIST_KEY_UISupportedInterfaceOrientations_iPad = "UIInterfaceOrientationPortrait UIInterfaceOrientationPortraitUpsideDown UIInterfaceOrientationLandscapeLeft UIInterfaceOrientationLandscapeRight";
				INFOPLIST_KEY_UISupportedInterfaceOrientations_iPhone = "UIInterfaceOrientationPortrait UIInterfaceOrientationLandscapeLeft UIInterfaceOrientationLandscapeRight";
				LD_RUNPATH_SEARCH_PATHS = (
					"$(inherited)",
					"@executable_path/Frameworks",
				);
				MARKETING_VERSION = 1.0;
				PRODUCT_BUNDLE_IDENTIFIER = com.miempresa.SierraColeccionDeJuegos;
				PRODUCT_NAME = "$(TARGET_NAME)";
				SWIFT_EMIT_LOC_STRINGS = YES;
				SWIFT_VERSION = 5.0;
				TARGETED_DEVICE_FAMILY = "1,2";
			};
			name = Debug;
		};
		5DE1B92E2CAB5C7B0057809D /* Release */ = {
			isa = XCBuildConfiguration;
			buildSettings = {
				ASSETCATALOG_COMPILER_APPICON_NAME = AppIcon;
				ASSETCATALOG_COMPILER_GLOBAL_ACCENT_COLOR_NAME = AccentColor;
				CODE_SIGN_STYLE = Automatic;
				CURRENT_PROJECT_VERSION = 1;
				GENERATE_INFOPLIST_FILE = YES;
				INFOPLIST_FILE = SierraColeccionDeJuegos/Info.plist;
				INFOPLIST_KEY_UIApplicationSupportsIndirectInputEvents = YES;
				INFOPLIST_KEY_UILaunchStoryboardName = LaunchScreen;
				INFOPLIST_KEY_UIMainStoryboardFile = Main;
				INFOPLIST_KEY_UISupportedInterfaceOrientations_iPad = "UIInterfaceOrientationPortrait UIInterfaceOrientationPortraitUpsideDown UIInterfaceOrientationLandscapeLeft UIInterfaceOrientationLandscapeRight";
				INFOPLIST_KEY_UISupportedInterfaceOrientations_iPhone = "UIInterfaceOrientationPortrait UIInterfaceOrientationLandscapeLeft UIInterfaceOrientationLandscapeRight";
				LD_RUNPATH_SEARCH_PATHS = (
					"$(inherited)",
					"@executable_path/Frameworks",
				);
				MARKETING_VERSION = 1.0;
				PRODUCT_BUNDLE_IDENTIFIER = com.miempresa.SierraColeccionDeJuegos;
				PRODUCT_NAME = "$(TARGET_NAME)";
				SWIFT_EMIT_LOC_STRINGS = YES;
				SWIFT_VERSION = 5.0;
				TARGETED_DEVICE_FAMILY = "1,2";
			};
			name = Release;
		};
/* End XCBuildConfiguration section */

/* Begin XCConfigurationList section */
		5DE1B9102CAB5C7A0057809D /* Build configuration list for PBXProject "SierraColeccionDeJuegos" */ = {
			isa = XCConfigurationList;
			buildConfigurations = (
				5DE1B92A2CAB5C7B0057809D /* Debug */,
				5DE1B92B2CAB5C7B0057809D /* Release */,
			);
			defaultConfigurationIsVisible = 0;
			defaultConfigurationName = Release;
		};
		5DE1B92C2CAB5C7B0057809D /* Build configuration list for PBXNativeTarget "SierraColeccionDeJuegos" */ = {
			isa = XCConfigurationList;
			buildConfigurations = (
				5DE1B92D2CAB5C7B0057809D /* Debug */,
				5DE1B92E2CAB5C7B0057809D /* Release */,
			);
			defaultConfigurationIsVisible = 0;
			defaultConfigurationName = Release;
		};
/* End XCConfigurationList section */

/* Begin XCVersionGroup section */
		5DE1B9212CAB5C7A0057809D /* SierraColeccionDeJuegos.xcdatamodeld */ = {
			isa = XCVersionGroup;
			children = (
				5DE1B9222CAB5C7A0057809D /* SierraColeccionDeJuegos.xcdatamodel */,
			);
			currentVersion = 5DE1B9222CAB5C7A0057809D /* SierraColeccionDeJuegos.xcdatamodel */;
			path = SierraColeccionDeJuegos.xcdatamodeld;
			sourceTree = "<group>";
			versionGroupType = wrapper.xcdatamodel;
		};
/* End XCVersionGroup section */
	};
	rootObject = 5DE1B90D2CAB5C7A0057809D /* Project object */;
}
